
Microsoft Visual Studio Solution File, Format Version 12.00
# Visual Studio Version 17
VisualStudioVersion = 17.13.35825.156
MinimumVisualStudioVersion = 10.0.40219.1
Project("{FAE04EC0-301F-11D3-BF4B-00C04F79EFBC}") = "FootballLeagueApp.API", "FootballLeagueApp.API\FootballLeagueApp.API.csproj", "{8167714C-710B-4BE1-9868-D5F6527ABFC6}"
EndProject
Project("{FAE04EC0-301F-11D3-BF4B-00C04F79EFBC}") = "FootballLeagueApp.Domain", "FootballLeagueApp.Domain\FootballLeagueApp.Domain.csproj", "{13E1ED76-F303-4FB1-8ADF-F7AD7C17CF6F}"
EndProject
Project("{FAE04EC0-301F-11D3-BF4B-00C04F79EFBC}") = "FootballLeagueApp.DataAccess", "FootballLeagueApp.DataAccess\FootballLeagueApp.DataAccess.csproj", "{69EDDCBA-57E3-423A-8170-E695E5DFB1C3}"
EndProject
Project("{FAE04EC0-301F-11D3-BF4B-00C04F79EFBC}") = "FootballLeagueApp.Common", "FootballLeagueApp.Common\FootballLeagueApp.Common.csproj", "{C1A54F02-79EC-4E93-980A-2D7FED11C025}"
EndProject
Project("{FAE04EC0-301F-11D3-BF4B-00C04F79EFBC}") = "FootballLeagueApp.Tests", "FootballLeagueApp.Tests\FootballLeagueApp.Tests.csproj", "{E3F8D186-89A2-49EA-A232-118E6871FC02}"
EndProject
Global
	GlobalSection(SolutionConfigurationPlatforms) = preSolution
		Debug|Any CPU = Debug|Any CPU
		Release|Any CPU = Release|Any CPU
	EndGlobalSection
	GlobalSection(ProjectConfigurationPlatforms) = postSolution
		{8167714C-710B-4BE1-9868-D5F6527ABFC6}.Debug|Any CPU.ActiveCfg = Debug|Any CPU
		{8167714C-710B-4BE1-9868-D5F6527ABFC6}.Debug|Any CPU.Build.0 = Debug|Any CPU
		{8167714C-710B-4BE1-9868-D5F6527ABFC6}.Release|Any CPU.ActiveCfg = Release|Any CPU
		{8167714C-710B-4BE1-9868-D5F6527ABFC6}.Release|Any CPU.Build.0 = Release|Any CPU
		{13E1ED76-F303-4FB1-8ADF-F7AD7C17CF6F}.Debug|Any CPU.ActiveCfg = Debug|Any CPU
		{13E1ED76-F303-4FB1-8ADF-F7AD7C17CF6F}.Debug|Any CPU.Build.0 = Debug|Any CPU
		{13E1ED76-F303-4FB1-8ADF-F7AD7C17CF6F}.Release|Any CPU.ActiveCfg = Release|Any CPU
		{13E1ED76-F303-4FB1-8ADF-F7AD7C17CF6F}.Release|Any CPU.Build.0 = Release|Any CPU
		{69EDDCBA-57E3-423A-8170-E695E5DFB1C3}.Debug|Any CPU.ActiveCfg = Debug|Any CPU
		{69EDDCBA-57E3-423A-8170-E695E5DFB1C3}.Debug|Any CPU.Build.0 = Debug|Any CPU
		{69EDDCBA-57E3-423A-8170-E695E5DFB1C3}.Release|Any CPU.ActiveCfg = Release|Any CPU
		{69EDDCBA-57E3-423A-8170-E695E5DFB1C3}.Release|Any CPU.Build.0 = Release|Any CPU
		{C1A54F02-79EC-4E93-980A-2D7FED11C025}.Debug|Any CPU.ActiveCfg = Debug|Any CPU
		{C1A54F02-79EC-4E93-980A-2D7FED11C025}.Debug|Any CPU.Build.0 = Debug|Any CPU
		{C1A54F02-79EC-4E93-980A-2D7FED11C025}.Release|Any CPU.ActiveCfg = Release|Any CPU
		{C1A54F02-79EC-4E93-980A-2D7FED11C025}.Release|Any CPU.Build.0 = Release|Any CPU
		{E3F8D186-89A2-49EA-A232-118E6871FC02}.Debug|Any CPU.ActiveCfg = Debug|Any CPU
		{E3F8D186-89A2-49EA-A232-118E6871FC02}.Debug|Any CPU.Build.0 = Debug|Any CPU
		{E3F8D186-89A2-49EA-A232-118E6871FC02}.Release|Any CPU.ActiveCfg = Release|Any CPU
		{E3F8D186-89A2-49EA-A232-118E6871FC02}.Release|Any CPU.Build.0 = Release|Any CPU
	EndGlobalSection
	GlobalSection(SolutionProperties) = preSolution
		HideSolutionNode = FALSE
	EndGlobalSection
	GlobalSection(ExtensibilityGlobals) = postSolution
		SolutionGuid = {AFC2DABB-88A0-40F5-B0A7-109D416F5EC3}
	EndGlobalSection
EndGlobal
